
Microsoft Visual Studio Solution File, Format Version 12.00
# Visual Studio 14
VisualStudioVersion = 14.0.25123.0
MinimumVisualStudioVersion = 10.0.40219.1
Project("{D97CD6A8-2513-466F-8C44-2D5F557157F3}") = "Sitecore.Support.90405", "Sitecore.Support.90405\Sitecore.Support.90405.csproj", "{3858F7C1-00EA-4E79-91DF-0812D97F36F3}"
EndProject
Global
	GlobalSection(SolutionConfigurationPlatforms) = preSolution
		Debug|Any CPU = Debug|Any CPU
		Release|Any CPU = Release|Any CPU
	EndGlobalSection
	GlobalSection(ProjectConfigurationPlatforms) = postSolution
		{3858F7C1-00EA-4E79-91DF-0812D97F36F3}.Debug|Any CPU.ActiveCfg = Debug|Any CPU
		{3858F7C1-00EA-4E79-91DF-0812D97F36F3}.Debug|Any CPU.Build.0 = Debug|Any CPU
		{3858F7C1-00EA-4E79-91DF-0812D97F36F3}.Release|Any CPU.ActiveCfg = Release|Any CPU
		{3858F7C1-00EA-4E79-91DF-0812D97F36F3}.Release|Any CPU.Build.0 = Release|Any CPU
	EndGlobalSection
	GlobalSection(SolutionProperties) = preSolution
		HideSolutionNode = FALSE
	EndGlobalSection
EndGlobal
